- name: system setup | clock | install systemd-timesyncd
  tags: ntp,system setup
  package:
    name: systemd-timesyncd
    state: latest
  when: ansible_distribution in ["Pop!_OS", "Ubuntu", "Debian"]

- name: system setup | clock | start and enable systemd-timesyncd
  tags: ntp,system settiings
  service:
    name: systemd-timesyncd
    state: started
    enabled: true

- name: system setup | clock | set time zone
  tags: ntp,timezone,system setup
  timezone:
    name: "America/New_York"